
Microsoft Visual Studio Solution File, Format Version 12.00
# Visual Studio 15
VisualStudioVersion = 15.0.26730.8
MinimumVisualStudioVersion = 10.0.40219.1
Project("{9A19103F-16F7-4668-BE54-9A1E7A4F7556}") = "Concurri.Svr.TestHarness", "Concurri.Svr.TestHarness\Concurri.Svr.TestHarness.csproj", "{788F6E40-1DCC-43D2-AD72-969881A8375E}"
EndProject
Project("{9A19103F-16F7-4668-BE54-9A1E7A4F7556}") = "Concurri.Exp", "Concurri.Exp\Concurri.Exp.csproj", "{3658A131-7916-42E8-8BBB-A178304F7C62}"
EndProject
Project("{9A19103F-16F7-4668-BE54-9A1E7A4F7556}") = "RulEng", "RulEng\RulEng.csproj", "{002936B6-3905-43F4-BCC1-AA75B184D828}"
EndProject
Global
	GlobalSection(SolutionConfigurationPlatforms) = preSolution
		Debug|Any CPU = Debug|Any CPU
		Release|Any CPU = Release|Any CPU
	EndGlobalSection
	GlobalSection(ProjectConfigurationPlatforms) = postSolution
		{788F6E40-1DCC-43D2-AD72-969881A8375E}.Debug|Any CPU.ActiveCfg = Debug|Any CPU
		{788F6E40-1DCC-43D2-AD72-969881A8375E}.Debug|Any CPU.Build.0 = Debug|Any CPU
		{788F6E40-1DCC-43D2-AD72-969881A8375E}.Release|Any CPU.ActiveCfg = Release|Any CPU
		{788F6E40-1DCC-43D2-AD72-969881A8375E}.Release|Any CPU.Build.0 = Release|Any CPU
		{3658A131-7916-42E8-8BBB-A178304F7C62}.Debug|Any CPU.ActiveCfg = Debug|Any CPU
		{3658A131-7916-42E8-8BBB-A178304F7C62}.Debug|Any CPU.Build.0 = Debug|Any CPU
		{3658A131-7916-42E8-8BBB-A178304F7C62}.Release|Any CPU.ActiveCfg = Release|Any CPU
		{3658A131-7916-42E8-8BBB-A178304F7C62}.Release|Any CPU.Build.0 = Release|Any CPU
		{002936B6-3905-43F4-BCC1-AA75B184D828}.Debug|Any CPU.ActiveCfg = Debug|Any CPU
		{002936B6-3905-43F4-BCC1-AA75B184D828}.Debug|Any CPU.Build.0 = Debug|Any CPU
		{002936B6-3905-43F4-BCC1-AA75B184D828}.Release|Any CPU.ActiveCfg = Release|Any CPU
		{002936B6-3905-43F4-BCC1-AA75B184D828}.Release|Any CPU.Build.0 = Release|Any CPU
	EndGlobalSection
	GlobalSection(SolutionProperties) = preSolution
		HideSolutionNode = FALSE
	EndGlobalSection
	GlobalSection(ExtensibilityGlobals) = postSolution
		SolutionGuid = {9DEDFF31-6032-4F6A-8C52-EADB867DFE98}
	EndGlobalSection
EndGlobal
